github.com/Vov4ik04/myutils v0.0.0-20241204103144-0b1761bfa346 h1:Ls1G32Wn4eG43U6h2FYmMjOA6cPHIhcIz1+7OW83ceE=
github.com/Vov4ik04/myutils v0.0.0-20241204103144-0b1761bfa346/go.mod h1:+QjLV/karV+RG2x8BBzpwTnNnVyTO0kNLlAfX1a9vSE=
github.com/huandu/xstrings v1.5.0 h1:2ag3IFq9ZDANvthTwTiqSSZLjDc+BedvHPAp5tJy2TI=
github.com/huandu/xstrings v1.5.0/go.mod h1:y5/lhBue+AyNmUVz9RLU9xbLR0o4KIIExikq4ovT0aE=
